
Microsoft Visual Studio Solution File, Format Version 12.00
# Visual Studio Version 17
VisualStudioVersion = 17.0.32014.148
MinimumVisualStudioVersion = 10.0.40219.1
Project("{FAE04EC0-301F-11D3-BF4B-00C04F79EFBC}") = "Nefes", "Nefes\Nefes.csproj", "{5030701C-1AF2-405E-B781-F4DB10B0E29A}"
EndProject
Global
	GlobalSection(SolutionConfigurationPlatforms) = preSolution
		Debug|Any CPU = Debug|Any CPU
		Release|Any CPU = Release|Any CPU
	EndGlobalSection
	GlobalSection(ProjectConfigurationPlatforms) = postSolution
		{5030701C-1AF2-405E-B781-F4DB10B0E29A}.Debug|Any CPU.ActiveCfg = Debug|Any CPU
		{5030701C-1AF2-405E-B781-F4DB10B0E29A}.Debug|Any CPU.Build.0 = Debug|Any CPU
		{5030701C-1AF2-405E-B781-F4DB10B0E29A}.Release|Any CPU.ActiveCfg = Release|Any CPU
		{5030701C-1AF2-405E-B781-F4DB10B0E29A}.Release|Any CPU.Build.0 = Release|Any CPU
	EndGlobalSection
	GlobalSection(SolutionProperties) = preSolution
		HideSolutionNode = FALSE
	EndGlobalSection
	GlobalSection(ExtensibilityGlobals) = postSolution
		SolutionGuid = {42E57DE8-D031-4E39-94EB-D045C6F0340B}
	EndGlobalSection
EndGlobal
